
Microsoft Visual Studio Solution File, Format Version 11.00
# Visual Studio 2010
Project("{FAE04EC0-301F-11D3-BF4B-00C04F79EFBC}") = "Assembly-CSharp", "Assembly-CSharp.csproj", "{DE84C7C2-C540-B6DE-FDD0-FBEA88AAF958}"
EndProject
Project("{FAE04EC0-301F-11D3-BF4B-00C04F79EFBC}") = "Assembly-CSharp-firstpass", "Assembly-CSharp-firstpass.csproj", "{0FB27B18-7BEE-C313-A6BA-532B41292E80}"
EndProject
Project("{FAE04EC0-301F-11D3-BF4B-00C04F79EFBC}") = "Assembly-CSharp-Editor-firstpass", "Assembly-CSharp-Editor-firstpass.csproj", "{AF29BDCD-9D1C-1386-EC54-53C65743BF5A}"
EndProject
Global
	GlobalSection(SolutionConfigurationPlatforms) = preSolution
		Debug|Any CPU = Debug|Any CPU
		Release|Any CPU = Release|Any CPU
	EndGlobalSection
	GlobalSection(ProjectConfigurationPlatforms) = postSolution
		{DE84C7C2-C540-B6DE-FDD0-FBEA88AAF958}.Debug|Any CPU.ActiveCfg = Debug|Any CPU
		{DE84C7C2-C540-B6DE-FDD0-FBEA88AAF958}.Debug|Any CPU.Build.0 = Debug|Any CPU
		{DE84C7C2-C540-B6DE-FDD0-FBEA88AAF958}.Release|Any CPU.ActiveCfg = Release|Any CPU
		{DE84C7C2-C540-B6DE-FDD0-FBEA88AAF958}.Release|Any CPU.Build.0 = Release|Any CPU
		{0FB27B18-7BEE-C313-A6BA-532B41292E80}.Debug|Any CPU.ActiveCfg = Debug|Any CPU
		{0FB27B18-7BEE-C313-A6BA-532B41292E80}.Debug|Any CPU.Build.0 = Debug|Any CPU
		{0FB27B18-7BEE-C313-A6BA-532B41292E80}.Release|Any CPU.ActiveCfg = Release|Any CPU
		{0FB27B18-7BEE-C313-A6BA-532B41292E80}.Release|Any CPU.Build.0 = Release|Any CPU
		{AF29BDCD-9D1C-1386-EC54-53C65743BF5A}.Debug|Any CPU.ActiveCfg = Debug|Any CPU
		{AF29BDCD-9D1C-1386-EC54-53C65743BF5A}.Debug|Any CPU.Build.0 = Debug|Any CPU
		{AF29BDCD-9D1C-1386-EC54-53C65743BF5A}.Release|Any CPU.ActiveCfg = Release|Any CPU
		{AF29BDCD-9D1C-1386-EC54-53C65743BF5A}.Release|Any CPU.Build.0 = Release|Any CPU
	EndGlobalSection
	GlobalSection(SolutionProperties) = preSolution
		HideSolutionNode = FALSE
	EndGlobalSection
	GlobalSection(MonoDevelopProperties) = preSolution
		StartupItem = Assembly-CSharp.csproj
	EndGlobalSection
EndGlobal
